
Microsoft Visual Studio Solution File, Format Version 12.00
# Visual Studio Version 17
VisualStudioVersion = 17.2.32519.379
MinimumVisualStudioVersion = 10.0.40219.1
Project("{FAE04EC0-301F-11D3-BF4B-00C04F79EFBC}") = "StudentManagementSystem", "StudentManagementSystem.csproj", "{9CB9153F-DCD9-4043-B27F-04B4DB804254}"
EndProject
Global
	GlobalSection(SolutionConfigurationPlatforms) = preSolution
		Debug|Any CPU = Debug|Any CPU
		Release|Any CPU = Release|Any CPU
	EndGlobalSection
	GlobalSection(ProjectConfigurationPlatforms) = postSolution
		{9CB9153F-DCD9-4043-B27F-04B4DB804254}.Debug|Any CPU.ActiveCfg = Debug|Any CPU
		{9CB9153F-DCD9-4043-B27F-04B4DB804254}.Debug|Any CPU.Build.0 = Debug|Any CPU
		{9CB9153F-DCD9-4043-B27F-04B4DB804254}.Release|Any CPU.ActiveCfg = Release|Any CPU
		{9CB9153F-DCD9-4043-B27F-04B4DB804254}.Release|Any CPU.Build.0 = Release|Any CPU
	EndGlobalSection
	GlobalSection(SolutionProperties) = preSolution
		HideSolutionNode = FALSE
	EndGlobalSection
	GlobalSection(ExtensibilityGlobals) = postSolution
		SolutionGuid = {D144382D-F604-4066-8E8B-F7DD55E5E33F}
	EndGlobalSection
EndGlobal
